
Microsoft Visual Studio Solution File, Format Version 12.00
# Visual Studio Version 16
VisualStudioVersion = 16.0.30804.86
MinimumVisualStudioVersion = 10.0.40219.1
Project("{FAE04EC0-301F-11D3-BF4B-00C04F79EFBC}") = "InvidualAssign", "InvidualAssign\InvidualAssign.csproj", "{A9F47A37-965C-4316-AD0F-8B0451C913F2}"
EndProject
Global
	GlobalSection(SolutionConfigurationPlatforms) = preSolution
		Debug|Any CPU = Debug|Any CPU
		Release|Any CPU = Release|Any CPU
	EndGlobalSection
	GlobalSection(ProjectConfigurationPlatforms) = postSolution
		{A9F47A37-965C-4316-AD0F-8B0451C913F2}.Debug|Any CPU.ActiveCfg = Debug|Any CPU
		{A9F47A37-965C-4316-AD0F-8B0451C913F2}.Debug|Any CPU.Build.0 = Debug|Any CPU
		{A9F47A37-965C-4316-AD0F-8B0451C913F2}.Release|Any CPU.ActiveCfg = Release|Any CPU
		{A9F47A37-965C-4316-AD0F-8B0451C913F2}.Release|Any CPU.Build.0 = Release|Any CPU
	EndGlobalSection
	GlobalSection(SolutionProperties) = preSolution
		HideSolutionNode = FALSE
	EndGlobalSection
	GlobalSection(ExtensibilityGlobals) = postSolution
		SolutionGuid = {3B1AD54B-A2FE-44EF-B30C-44021E44CC0A}
	EndGlobalSection
EndGlobal
